// !$*UTF8*$!
{
	archiveVersion = 1;
	classes = {
	};
	objectVersion = 56;
	objects = {

/* Begin PBXBuildFile section */
		EA2B876B298421FD00606B83 /* AppDelegate.swift in Sources */ = {isa = PBXBuildFile; fileRef = EA2B876A298421FD00606B83 /* AppDelegate.swift */; };
		EA2B876D298421FD00606B83 /* SceneDelegate.swift in Sources */ = {isa = PBXBuildFile; fileRef = EA2B876C298421FD00606B83 /* SceneDelegate.swift */; };
		EA2B876F298421FD00606B83 /* PKMHomeVC.swift in Sources */ = {isa = PBXBuildFile; fileRef = EA2B876E298421FD00606B83 /* PKMHomeVC.swift */; };
		EA2B8774298421FE00606B83 /* Assets.xcassets in Resources */ = {isa = PBXBuildFile; fileRef = EA2B8773298421FE00606B83 /* Assets.xcassets */; };
		EA2B8777298421FE00606B83 /* LaunchScreen.storyboard in Resources */ = {isa = PBXBuildFile; fileRef = EA2B8775298421FE00606B83 /* LaunchScreen.storyboard */; };
		EA2B87802984292800606B83 /* Alamofire in Frameworks */ = {isa = PBXBuildFile; productRef = EA2B877F2984292800606B83 /* Alamofire */; };
		EA2B87832984295400606B83 /* SDWebImage in Frameworks */ = {isa = PBXBuildFile; productRef = EA2B87822984295400606B83 /* SDWebImage */; };
		EA2B87862984297400606B83 /* SkeletonView in Frameworks */ = {isa = PBXBuildFile; productRef = EA2B87852984297400606B83 /* SkeletonView */; };
		EA2B878E29842B5D00606B83 /* PKMDetailVC.swift in Sources */ = {isa = PBXBuildFile; fileRef = EA2B878D29842B5D00606B83 /* PKMDetailVC.swift */; };
		EA2B87932984399100606B83 /* PokemonsCell.swift in Sources */ = {isa = PBXBuildFile; fileRef = EA2B87922984399100606B83 /* PokemonsCell.swift */; };
		EA2B87962984754900606B83 /* UILabel+Ext.swift in Sources */ = {isa = PBXBuildFile; fileRef = EA2B87952984754900606B83 /* UILabel+Ext.swift */; };
/* End PBXBuildFile section */

/* Begin PBXFileReference section */
		EA2B8767298421FD00606B83 /* PokemonAPI.app */ = {isa = PBXFileReference; explicitFileType = wrapper.application; includeInIndex = 0; path = PokemonAPI.app; sourceTree = BUILT_PRODUCTS_DIR; };
		EA2B876A298421FD00606B83 /* AppDelegate.swift */ = {isa = PBXFileReference; lastKnownFileType = sourcecode.swift; path = AppDelegate.swift; sourceTree = "<group>"; };
		EA2B876C298421FD00606B83 /* SceneDelegate.swift */ = {isa = PBXFileReference; lastKnownFileType = sourcecode.swift; path = SceneDelegate.swift; sourceTree = "<group>"; };
		EA2B876E298421FD00606B83 /* PKMHomeVC.swift */ = {isa = PBXFileReference; lastKnownFileType = sourcecode.swift; path = PKMHomeVC.swift; sourceTree = "<group>"; };
		EA2B8773298421FE00606B83 /* Assets.xcassets */ = {isa = PBXFileReference; lastKnownFileType = folder.assetcatalog; path = Assets.xcassets; sourceTree = "<group>"; };
		EA2B8776298421FE00606B83 /* Base */ = {isa = PBXFileReference; lastKnownFileType = file.storyboard; name = Base; path = Base.lproj/LaunchScreen.storyboard; sourceTree = "<group>"; };
		EA2B8778298421FE00606B83 /* Info.plist */ = {isa = PBXFileReference; lastKnownFileType = text.plist.xml; path = Info.plist; sourceTree = "<group>"; };
		EA2B878D29842B5D00606B83 /* PKMDetailVC.swift */ = {isa = PBXFileReference; lastKnownFileType = sourcecode.swift; path = PKMDetailVC.swift; sourceTree = "<group>"; };
		EA2B8790298431AD00606B83 /* .swiftlint.yml */ = {isa = PBXFileReference; lastKnownFileType = text.yaml; path = .swiftlint.yml; sourceTree = "<group>"; };
		EA2B87922984399100606B83 /* PokemonsCell.swift */ = {isa = PBXFileReference; lastKnownFileType = sourcecode.swift; path = PokemonsCell.swift; sourceTree = "<group>"; };
		EA2B87952984754900606B83 /* UILabel+Ext.swift */ = {isa = PBXFileReference; lastKnownFileType = sourcecode.swift; path = "UILabel+Ext.swift"; sourceTree = "<group>"; };
/* End PBXFileReference section */

/* Begin PBXFrameworksBuildPhase section */
		EA2B8764298421FD00606B83 /* Frameworks */ = {
			isa = PBXFrameworksBuildPhase;
			buildActionMask = 2147483647;
			files = (
				EA2B87832984295400606B83 /* SDWebImage in Frameworks */,
				EA2B87862984297400606B83 /* SkeletonView in Frameworks */,
				EA2B87802984292800606B83 /* Alamofire in Frameworks */,
			);
			runOnlyForDeploymentPostprocessing = 0;
		};
/* End PBXFrameworksBuildPhase section */

/* Begin PBXGroup section */
		EA2B875E298421FD00606B83 = {
			isa = PBXGroup;
			children = (
				EA2B8790298431AD00606B83 /* .swiftlint.yml */,
				EA2B8769298421FD00606B83 /* PokemonAPI */,
				EA2B8768298421FD00606B83 /* Products */,
			);
			sourceTree = "<group>";
		};
		EA2B8768298421FD00606B83 /* Products */ = {
			isa = PBXGroup;
			children = (
				EA2B8767298421FD00606B83 /* PokemonAPI.app */,
			);
			name = Products;
			sourceTree = "<group>";
		};
		EA2B8769298421FD00606B83 /* PokemonAPI */ = {
			isa = PBXGroup;
			children = (
				EA2B87942984752D00606B83 /* Extension */,
				EA2B878C29842ADF00606B83 /* Resources */,
				EA2B878B29842ACE00606B83 /* APIClient */,
				EA2B878A29842ABB00606B83 /* ViewModels */,
				EA2B878929842AAB00606B83 /* Views */,
				EA2B878829842AA000606B83 /* Models */,
				EA2B878729842A8D00606B83 /* Controllers */,
				EA2B8778298421FE00606B83 /* Info.plist */,
			);
			path = PokemonAPI;
			sourceTree = "<group>";
		};
		EA2B878729842A8D00606B83 /* Controllers */ = {
			isa = PBXGroup;
			children = (
				EA2B876E298421FD00606B83 /* PKMHomeVC.swift */,
				EA2B878D29842B5D00606B83 /* PKMDetailVC.swift */,
			);
			path = Controllers;
			sourceTree = "<group>";
		};
		EA2B878829842AA000606B83 /* Models */ = {
			isa = PBXGroup;
			children = (
			);
			path = Models;
			sourceTree = "<group>";
		};
		EA2B878929842AAB00606B83 /* Views */ = {
			isa = PBXGroup;
			children = (
				EA2B87912984394B00606B83 /* Home */,
			);
			path = Views;
			sourceTree = "<group>";
		};
		EA2B878A29842ABB00606B83 /* ViewModels */ = {
			isa = PBXGroup;
			children = (
			);
			path = ViewModels;
			sourceTree = "<group>";
		};
		EA2B878B29842ACE00606B83 /* APIClient */ = {
			isa = PBXGroup;
			children = (
			);
			path = APIClient;
			sourceTree = "<group>";
		};
		EA2B878C29842ADF00606B83 /* Resources */ = {
			isa = PBXGroup;
			children = (
				EA2B876A298421FD00606B83 /* AppDelegate.swift */,
				EA2B876C298421FD00606B83 /* SceneDelegate.swift */,
				EA2B8773298421FE00606B83 /* Assets.xcassets */,
				EA2B8775298421FE00606B83 /* LaunchScreen.storyboard */,
			);
			path = Resources;
			sourceTree = "<group>";
		};
		EA2B87912984394B00606B83 /* Home */ = {
			isa = PBXGroup;
			children = (
				EA2B87922984399100606B83 /* PokemonsCell.swift */,
			);
			path = Home;
			sourceTree = "<group>";
		};
		EA2B87942984752D00606B83 /* Extension */ = {
			isa = PBXGroup;
			children = (
				EA2B87952984754900606B83 /* UILabel+Ext.swift */,
			);
			path = Extension;
			sourceTree = "<group>";
		};
/* End PBXGroup section */

/* Begin PBXNativeTarget section */
		EA2B8766298421FD00606B83 /* PokemonAPI */ = {
			isa = PBXNativeTarget;
			buildConfigurationList = EA2B877B298421FE00606B83 /* Build configuration list for PBXNativeTarget "PokemonAPI" */;
			buildPhases = (
				EA2B878F2984314C00606B83 /* ShellScript */,
				EA2B8763298421FD00606B83 /* Sources */,
				EA2B8764298421FD00606B83 /* Frameworks */,
				EA2B8765298421FD00606B83 /* Resources */,
			);
			buildRules = (
			);
			dependencies = (
			);
			name = PokemonAPI;
			packageProductDependencies = (
				EA2B877F2984292800606B83 /* Alamofire */,
				EA2B87822984295400606B83 /* SDWebImage */,
				EA2B87852984297400606B83 /* SkeletonView */,
			);
			productName = PokemonAPI;
			productReference = EA2B8767298421FD00606B83 /* PokemonAPI.app */;
			productType = "com.apple.product-type.application";
		};
/* End PBXNativeTarget section */

/* Begin PBXProject section */
		EA2B875F298421FD00606B83 /* Project object */ = {
			isa = PBXProject;
			attributes = {
				BuildIndependentTargetsInParallel = 1;
				LastSwiftUpdateCheck = 1420;
				LastUpgradeCheck = 1420;
				TargetAttributes = {
					EA2B8766298421FD00606B83 = {
						CreatedOnToolsVersion = 14.2;
					};
				};
			};
			buildConfigurationList = EA2B8762298421FD00606B83 /* Build configuration list for PBXProject "PokemonAPI" */;
			compatibilityVersion = "Xcode 14.0";
			developmentRegion = en;
			hasScannedForEncodings = 0;
			knownRegions = (
				en,
				Base,
			);
			mainGroup = EA2B875E298421FD00606B83;
			packageReferences = (
				EA2B877E2984292800606B83 /* XCRemoteSwiftPackageReference "Alamofire" */,
				EA2B87812984295400606B83 /* XCRemoteSwiftPackageReference "SDWebImage" */,
				EA2B87842984297400606B83 /* XCRemoteSwiftPackageReference "SkeletonView" */,
			);
			productRefGroup = EA2B8768298421FD00606B83 /* Products */;
			projectDirPath = "";
			projectRoot = "";
			targets = (
				EA2B8766298421FD00606B83 /* PokemonAPI */,
			);
		};
/* End PBXProject section */

/* Begin PBXResourcesBuildPhase section */
		EA2B8765298421FD00606B83 /* Resources */ = {
			isa = PBXResourcesBuildPhase;
			buildActionMask = 2147483647;
			files = (
				EA2B8777298421FE00606B83 /* LaunchScreen.storyboard in Resources */,
				EA2B8774298421FE00606B83 /* Assets.xcassets in Resources */,
			);
			runOnlyForDeploymentPostprocessing = 0;
		};
/* End PBXResourcesBuildPhase section */

/* Begin PBXShellScriptBuildPhase section */
		EA2B878F2984314C00606B83 /* ShellScript */ = {
			isa = PBXShellScriptBuildPhase;
			buildActionMask = 2147483647;
			files = (
			);
			inputFileListPaths = (
			);
			inputPaths = (
			);
			outputFileListPaths = (
			);
			outputPaths = (
			);
			runOnlyForDeploymentPostprocessing = 0;
			shellPath = /bin/sh;
			shellScript = "# Type a script or drag a script file from your workspace to insert its path.\nif which swiftlint >/dev/null; then\n  swiftlint\nelse\n  echo \"warning: SwiftLint not installed, download from https://github.com/realm/SwiftLint\"\nfi\n";
		};
/* End PBXShellScriptBuildPhase section */

/* Begin PBXSourcesBuildPhase section */
		EA2B8763298421FD00606B83 /* Sources */ = {
			isa = PBXSourcesBuildPhase;
			buildActionMask = 2147483647;
			files = (
				EA2B878E29842B5D00606B83 /* PKMDetailVC.swift in Sources */,
				EA2B876F298421FD00606B83 /* PKMHomeVC.swift in Sources */,
				EA2B876B298421FD00606B83 /* AppDelegate.swift in Sources */,
				EA2B87932984399100606B83 /* PokemonsCell.swift in Sources */,
				EA2B87962984754900606B83 /* UILabel+Ext.swift in Sources */,
				EA2B876D298421FD00606B83 /* SceneDelegate.swift in Sources */,
			);
			runOnlyForDeploymentPostprocessing = 0;
		};
/* End PBXSourcesBuildPhase section */

/* Begin PBXVariantGroup section */
		EA2B8775298421FE00606B83 /* LaunchScreen.storyboard */ = {
			isa = PBXVariantGroup;
			children = (
				EA2B8776298421FE00606B83 /* Base */,
			);
			name = LaunchScreen.storyboard;
			sourceTree = "<group>";
		};
/* End PBXVariantGroup section */

/* Begin XCBuildConfiguration section */
		EA2B8779298421FE00606B83 /* Debug */ = {
			isa = XCBuildConfiguration;
			buildSettings = {
				ALWAYS_SEARCH_USER_PATHS = NO;
				CLANG_ANALYZER_NONNULL = YES;
				CLANG_ANALYZER_NUMBER_OBJECT_CONVERSION = YES_AGGRESSIVE;
				CLANG_CXX_LANGUAGE_STANDARD = "gnu++20";
				CLANG_ENABLE_MODULES = YES;
				CLANG_ENABLE_OBJC_ARC = YES;
				CLANG_ENABLE_OBJC_WEAK = YES;
				CLANG_WARN_BLOCK_CAPTURE_AUTORELEASING = YES;
				CLANG_WARN_BOOL_CONVERSION = YES;
				CLANG_WARN_COMMA = YES;
				CLANG_WARN_CONSTANT_CONVERSION = YES;
				CLANG_WARN_DEPRECATED_OBJC_IMPLEMENTATIONS = YES;
				CLANG_WARN_DIRECT_OBJC_ISA_USAGE = YES_ERROR;
				CLANG_WARN_DOCUMENTATION_COMMENTS = YES;
				CLANG_WARN_EMPTY_BODY = YES;
				CLANG_WARN_ENUM_CONVERSION = YES;
				CLANG_WARN_INFINITE_RECURSION = YES;
				CLANG_WARN_INT_CONVERSION = YES;
				CLANG_WARN_NON_LITERAL_NULL_CONVERSION = YES;
				CLANG_WARN_OBJC_IMPLICIT_RETAIN_SELF = YES;
				CLANG_WARN_OBJC_LITERAL_CONVERSION = YES;
				CLANG_WARN_OBJC_ROOT_CLASS = YES_ERROR;
				CLANG_WARN_QUOTED_INCLUDE_IN_FRAMEWORK_HEADER = YES;
				CLANG_WARN_RANGE_LOOP_ANALYSIS = YES;
				CLANG_WARN_STRICT_PROTOTYPES = YES;
				CLANG_WARN_SUSPICIOUS_MOVE = YES;
				CLANG_WARN_UNGUARDED_AVAILABILITY = YES_AGGRESSIVE;
				CLANG_WARN_UNREACHABLE_CODE = YES;
				CLANG_WARN__DUPLICATE_METHOD_MATCH = YES;
				COPY_PHASE_STRIP = NO;
				DEBUG_INFORMATION_FORMAT = dwarf;
				ENABLE_STRICT_OBJC_MSGSEND = YES;
				ENABLE_TESTABILITY = YES;
				GCC_C_LANGUAGE_STANDARD = gnu11;
				GCC_DYNAMIC_NO_PIC = NO;
				GCC_NO_COMMON_BLOCKS = YES;
				GCC_OPTIMIZATION_LEVEL = 0;
				GCC_PREPROCESSOR_DEFINITIONS = (
					"DEBUG=1",
					"$(inherited)",
				);
				GCC_WARN_64_TO_32_BIT_CONVERSION = YES;
				GCC_WARN_ABOUT_RETURN_TYPE = YES_ERROR;
				GCC_WARN_UNDECLARED_SELECTOR = YES;
				GCC_WARN_UNINITIALIZED_AUTOS = YES_AGGRESSIVE;
				GCC_WARN_UNUSED_FUNCTION = YES;
				GCC_WARN_UNUSED_VARIABLE = YES;
				IPHONEOS_DEPLOYMENT_TARGET = 16.2;
				MTL_ENABLE_DEBUG_INFO = INCLUDE_SOURCE;
				MTL_FAST_MATH = YES;
				ONLY_ACTIVE_ARCH = YES;
				SDKROOT = iphoneos;
				SWIFT_ACTIVE_COMPILATION_CONDITIONS = DEBUG;
				SWIFT_OPTIMIZATION_LEVEL = "-Onone";
			};
			name = Debug;
		};
		EA2B877A298421FE00606B83 /* Release */ = {
			isa = XCBuildConfiguration;
			buildSettings = {
				ALWAYS_SEARCH_USER_PATHS = NO;
				CLANG_ANALYZER_NONNULL = YES;
				CLANG_ANALYZER_NUMBER_OBJECT_CONVERSION = YES_AGGRESSIVE;
				CLANG_CXX_LANGUAGE_STANDARD = "gnu++20";
				CLANG_ENABLE_MODULES = YES;
				CLANG_ENABLE_OBJC_ARC = YES;
				CLANG_ENABLE_OBJC_WEAK = YES;
				CLANG_WARN_BLOCK_CAPTURE_AUTORELEASING = YES;
				CLANG_WARN_BOOL_CONVERSION = YES;
				CLANG_WARN_COMMA = YES;
				CLANG_WARN_CONSTANT_CONVERSION = YES;
				CLANG_WARN_DEPRECATED_OBJC_IMPLEMENTATIONS = YES;
				CLANG_WARN_DIRECT_OBJC_ISA_USAGE = YES_ERROR;
				CLANG_WARN_DOCUMENTATION_COMMENTS = YES;
				CLANG_WARN_EMPTY_BODY = YES;
				CLANG_WARN_ENUM_CONVERSION = YES;
				CLANG_WARN_INFINITE_RECURSION = YES;
				CLANG_WARN_INT_CONVERSION = YES;
				CLANG_WARN_NON_LITERAL_NULL_CONVERSION = YES;
				CLANG_WARN_OBJC_IMPLICIT_RETAIN_SELF = YES;
				CLANG_WARN_OBJC_LITERAL_CONVERSION = YES;
				CLANG_WARN_OBJC_ROOT_CLASS = YES_ERROR;
				CLANG_WARN_QUOTED_INCLUDE_IN_FRAMEWORK_HEADER = YES;
				CLANG_WARN_RANGE_LOOP_ANALYSIS = YES;
				CLANG_WARN_STRICT_PROTOTYPES = YES;
				CLANG_WARN_SUSPICIOUS_MOVE = YES;
				CLANG_WARN_UNGUARDED_AVAILABILITY = YES_AGGRESSIVE;
				CLANG_WARN_UNREACHABLE_CODE = YES;
				CLANG_WARN__DUPLICATE_METHOD_MATCH = YES;
				COPY_PHASE_STRIP = NO;
				DEBUG_INFORMATION_FORMAT = "dwarf-with-dsym";
				ENABLE_NS_ASSERTIONS = NO;
				ENABLE_STRICT_OBJC_MSGSEND = YES;
				GCC_C_LANGUAGE_STANDARD = gnu11;
				GCC_NO_COMMON_BLOCKS = YES;
				GCC_WARN_64_TO_32_BIT_CONVERSION = YES;
				GCC_WARN_ABOUT_RETURN_TYPE = YES_ERROR;
				GCC_WARN_UNDECLARED_SELECTOR = YES;
				GCC_WARN_UNINITIALIZED_AUTOS = YES_AGGRESSIVE;
				GCC_WARN_UNUSED_FUNCTION = YES;
				GCC_WARN_UNUSED_VARIABLE = YES;
				IPHONEOS_DEPLOYMENT_TARGET = 16.2;
				MTL_ENABLE_DEBUG_INFO = NO;
				MTL_FAST_MATH = YES;
				SDKROOT = iphoneos;
				SWIFT_COMPILATION_MODE = wholemodule;
				SWIFT_OPTIMIZATION_LEVEL = "-O";
				VALIDATE_PRODUCT = YES;
			};
			name = Release;
		};
		EA2B877C298421FE00606B83 /* Debug */ = {
			isa = XCBuildConfiguration;
			buildSettings = {
				ASSETCATALOG_COMPILER_APPICON_NAME = AppIcon;
				ASSETCATALOG_COMPILER_GLOBAL_ACCENT_COLOR_NAME = AccentColor;
				CODE_SIGN_STYLE = Automatic;
				CURRENT_PROJECT_VERSION = 1;
				DEVELOPMENT_TEAM = 4LSFC8QX49;
				GENERATE_INFOPLIST_FILE = YES;
				INFOPLIST_FILE = PokemonAPI/Info.plist;
				INFOPLIST_KEY_UIApplicationSupportsIndirectInputEvents = YES;
				INFOPLIST_KEY_UILaunchStoryboardName = LaunchScreen;
				INFOPLIST_KEY_UISupportedInterfaceOrientations_iPad = "UIInterfaceOrientationPortrait UIInterfaceOrientationPortraitUpsideDown UIInterfaceOrientationLandscapeLeft UIInterfaceOrientationLandscapeRight";
				INFOPLIST_KEY_UISupportedInterfaceOrientations_iPhone = "UIInterfaceOrientationPortrait UIInterfaceOrientationLandscapeLeft UIInterfaceOrientationLandscapeRight";
				LD_RUNPATH_SEARCH_PATHS = (
					"$(inherited)",
					"@executable_path/Frameworks",
				);
				MARKETING_VERSION = 1.0;
				PRODUCT_BUNDLE_IDENTIFIER = com.samlo.PokemonAPI;
				PRODUCT_NAME = "$(TARGET_NAME)";
				SWIFT_EMIT_LOC_STRINGS = YES;
				SWIFT_VERSION = 5.0;
				TARGETED_DEVICE_FAMILY = "1,2";
			};
			name = Debug;
		};
		EA2B877D298421FE00606B83 /* Release */ = {
			isa = XCBuildConfiguration;
			buildSettings = {
				ASSETCATALOG_COMPILER_APPICON_NAME = AppIcon;
				ASSETCATALOG_COMPILER_GLOBAL_ACCENT_COLOR_NAME = AccentColor;
				CODE_SIGN_STYLE = Automatic;
				CURRENT_PROJECT_VERSION = 1;
				DEVELOPMENT_TEAM = 4LSFC8QX49;
				GENERATE_INFOPLIST_FILE = YES;
				INFOPLIST_FILE = PokemonAPI/Info.plist;
				INFOPLIST_KEY_UIApplicationSupportsIndirectInputEvents = YES;
				INFOPLIST_KEY_UILaunchStoryboardName = LaunchScreen;
				INFOPLIST_KEY_UISupportedInterfaceOrientations_iPad = "UIInterfaceOrientationPortrait UIInterfaceOrientationPortraitUpsideDown UIInterfaceOrientationLandscapeLeft UIInterfaceOrientationLandscapeRight";
				INFOPLIST_KEY_UISupportedInterfaceOrientations_iPhone = "UIInterfaceOrientationPortrait UIInterfaceOrientationLandscapeLeft UIInterfaceOrientationLandscapeRight";
				LD_RUNPATH_SEARCH_PATHS = (
					"$(inherited)",
					"@executable_path/Frameworks",
				);
				MARKETING_VERSION = 1.0;
				PRODUCT_BUNDLE_IDENTIFIER = com.samlo.PokemonAPI;
				PRODUCT_NAME = "$(TARGET_NAME)";
				SWIFT_EMIT_LOC_STRINGS = YES;
				SWIFT_VERSION = 5.0;
				TARGETED_DEVICE_FAMILY = "1,2";
			};
			name = Release;
		};
/* End XCBuildConfiguration section */

/* Begin XCConfigurationList section */
		EA2B8762298421FD00606B83 /* Build configuration list for PBXProject "PokemonAPI" */ = {
			isa = XCConfigurationList;
			buildConfigurations = (
				EA2B8779298421FE00606B83 /* Debug */,
				EA2B877A298421FE00606B83 /* Release */,
			);
			defaultConfigurationIsVisible = 0;
			defaultConfigurationName = Release;
		};
		EA2B877B298421FE00606B83 /* Build configuration list for PBXNativeTarget "PokemonAPI" */ = {
			isa = XCConfigurationList;
			buildConfigurations = (
				EA2B877C298421FE00606B83 /* Debug */,
				EA2B877D298421FE00606B83 /* Release */,
			);
			defaultConfigurationIsVisible = 0;
			defaultConfigurationName = Release;
		};
/* End XCConfigurationList section */

/* Begin XCRemoteSwiftPackageReference section */
		EA2B877E2984292800606B83 /* XCRemoteSwiftPackageReference "Alamofire" */ = {
			isa = XCRemoteSwiftPackageReference;
			repositoryURL = "https://github.com/Alamofire/Alamofire";
			requirement = {
				kind = upToNextMajorVersion;
				minimumVersion = 5.0.0;
			};
		};
		EA2B87812984295400606B83 /* XCRemoteSwiftPackageReference "SDWebImage" */ = {
			isa = XCRemoteSwiftPackageReference;
			repositoryURL = "https://github.com/SDWebImage/SDWebImage";
			requirement = {
				kind = upToNextMajorVersion;
				minimumVersion = 5.0.0;
			};
		};
		EA2B87842984297400606B83 /* XCRemoteSwiftPackageReference "SkeletonView" */ = {
			isa = XCRemoteSwiftPackageReference;
			repositoryURL = "https://github.com/Juanpe/SkeletonView";
			requirement = {
				kind = upToNextMajorVersion;
				minimumVersion = 1.0.0;
			};
		};
/* End XCRemoteSwiftPackageReference section */

/* Begin XCSwiftPackageProductDependency section */
		EA2B877F2984292800606B83 /* Alamofire */ = {
			isa = XCSwiftPackageProductDependency;
			package = EA2B877E2984292800606B83 /* XCRemoteSwiftPackageReference "Alamofire" */;
			productName = Alamofire;
		};
		EA2B87822984295400606B83 /* SDWebImage */ = {
			isa = XCSwiftPackageProductDependency;
			package = EA2B87812984295400606B83 /* XCRemoteSwiftPackageReference "SDWebImage" */;
			productName = SDWebImage;
		};
		EA2B87852984297400606B83 /* SkeletonView */ = {
			isa = XCSwiftPackageProductDependency;
			package = EA2B87842984297400606B83 /* XCRemoteSwiftPackageReference "SkeletonView" */;
			productName = SkeletonView;
		};
/* End XCSwiftPackageProductDependency section */
	};
	rootObject = EA2B875F298421FD00606B83 /* Project object */;
}
